
Microsoft Visual Studio Solution File, Format Version 12.00
# Visual Studio Version 17
VisualStudioVersion = 17.3.32922.545
MinimumVisualStudioVersion = 10.0.40219.1
Project("{FAE04EC0-301F-11D3-BF4B-00C04F79EFBC}") = "Labb 1", "Labb 1\Labb 1.csproj", "{1EFA656C-DB71-45CA-8A94-17965BB508EC}"
EndProject
Global
	GlobalSection(SolutionConfigurationPlatforms) = preSolution
		Debug|Any CPU = Debug|Any CPU
		Release|Any CPU = Release|Any CPU
	EndGlobalSection
	GlobalSection(ProjectConfigurationPlatforms) = postSolution
		{1EFA656C-DB71-45CA-8A94-17965BB508EC}.Debug|Any CPU.ActiveCfg = Debug|Any CPU
		{1EFA656C-DB71-45CA-8A94-17965BB508EC}.Debug|Any CPU.Build.0 = Debug|Any CPU
		{1EFA656C-DB71-45CA-8A94-17965BB508EC}.Release|Any CPU.ActiveCfg = Release|Any CPU
		{1EFA656C-DB71-45CA-8A94-17965BB508EC}.Release|Any CPU.Build.0 = Release|Any CPU
	EndGlobalSection
	GlobalSection(SolutionProperties) = preSolution
		HideSolutionNode = FALSE
	EndGlobalSection
	GlobalSection(ExtensibilityGlobals) = postSolution
		SolutionGuid = {BFD4183D-0672-4F3E-AC5D-47EC11A09F7C}
	EndGlobalSection
EndGlobal
